// !$*UTF8*$!
{
	archiveVersion = 1;
	classes = {
	};
	objectVersion = 77;
	objects = {

/* Begin PBXBuildFile section */
		F7B1EA412CDD4238003EB9E9 /* SkydiveSpotter-dev Watch App.app in Embed Watch Content */ = {isa = PBXBuildFile; fileRef = F7B1EA402CDD4238003EB9E9 /* SkydiveSpotter-dev Watch App.app */; settings = {ATTRIBUTES = (RemoveHeadersOnCopy, ); }; };
/* End PBXBuildFile section */

/* Begin PBXContainerItemProxy section */
		F7B1EA422CDD4238003EB9E9 /* PBXContainerItemProxy */ = {
			isa = PBXContainerItemProxy;
			containerPortal = F7B1EA342CDD4238003EB9E9 /* Project object */;
			proxyType = 1;
			remoteGlobalIDString = F7B1EA3F2CDD4238003EB9E9;
			remoteInfo = "SkydiveSpotter-dev Watch App";
		};
		F7B1EA532CDD4239003EB9E9 /* PBXContainerItemProxy */ = {
			isa = PBXContainerItemProxy;
			containerPortal = F7B1EA342CDD4238003EB9E9 /* Project object */;
			proxyType = 1;
			remoteGlobalIDString = F7B1EA3F2CDD4238003EB9E9;
			remoteInfo = "SkydiveSpotter-dev Watch App";
		};
		F7B1EA5D2CDD4239003EB9E9 /* PBXContainerItemProxy */ = {
			isa = PBXContainerItemProxy;
			containerPortal = F7B1EA342CDD4238003EB9E9 /* Project object */;
			proxyType = 1;
			remoteGlobalIDString = F7B1EA3F2CDD4238003EB9E9;
			remoteInfo = "SkydiveSpotter-dev Watch App";
		};
/* End PBXContainerItemProxy section */

/* Begin PBXCopyFilesBuildPhase section */
		F7B1EA692CDD4239003EB9E9 /* Embed Watch Content */ = {
			isa = PBXCopyFilesBuildPhase;
			buildActionMask = 2147483647;
			dstPath = "$(CONTENTS_FOLDER_PATH)/Watch";
			dstSubfolderSpec = 16;
			files = (
				F7B1EA412CDD4238003EB9E9 /* SkydiveSpotter-dev Watch App.app in Embed Watch Content */,
			);
			name = "Embed Watch Content";
			runOnlyForDeploymentPostprocessing = 0;
		};
/* End PBXCopyFilesBuildPhase section */

/* Begin PBXFileReference section */
		F7B1EA3A2CDD4238003EB9E9 /* SkydiveSpotter-dev.app */ = {isa = PBXFileReference; explicitFileType = wrapper.application; includeInIndex = 0; path = "SkydiveSpotter-dev.app"; sourceTree = BUILT_PRODUCTS_DIR; };
		F7B1EA402CDD4238003EB9E9 /* SkydiveSpotter-dev Watch App.app */ = {isa = PBXFileReference; explicitFileType = wrapper.application; includeInIndex = 0; path = "SkydiveSpotter-dev Watch App.app"; sourceTree = BUILT_PRODUCTS_DIR; };
		F7B1EA522CDD4239003EB9E9 /* SkydiveSpotter-dev Watch AppTests.xctest */ = {isa = PBXFileReference; explicitFileType = wrapper.cfbundle; includeInIndex = 0; path = "SkydiveSpotter-dev Watch AppTests.xctest"; sourceTree = BUILT_PRODUCTS_DIR; };
		F7B1EA5C2CDD4239003EB9E9 /* SkydiveSpotter-dev Watch AppUITests.xctest */ = {isa = PBXFileReference; explicitFileType = wrapper.cfbundle; includeInIndex = 0; path = "SkydiveSpotter-dev Watch AppUITests.xctest"; sourceTree = BUILT_PRODUCTS_DIR; };
/* End PBXFileReference section */

/* Begin PBXFileSystemSynchronizedRootGroup section */
		F7B1EA442CDD4238003EB9E9 /* SkydiveSpotter-dev Watch App */ = {
			isa = PBXFileSystemSynchronizedRootGroup;
			path = "SkydiveSpotter-dev Watch App";
			sourceTree = "<group>";
		};
		F7B1EA552CDD4239003EB9E9 /* SkydiveSpotter-dev Watch AppTests */ = {
			isa = PBXFileSystemSynchronizedRootGroup;
			path = "SkydiveSpotter-dev Watch AppTests";
			sourceTree = "<group>";
		};
		F7B1EA5F2CDD4239003EB9E9 /* SkydiveSpotter-dev Watch AppUITests */ = {
			isa = PBXFileSystemSynchronizedRootGroup;
			path = "SkydiveSpotter-dev Watch AppUITests";
			sourceTree = "<group>";
		};
/* End PBXFileSystemSynchronizedRootGroup section */

/* Begin PBXFrameworksBuildPhase section */
		F7B1EA3D2CDD4238003EB9E9 /* Frameworks */ = {
			isa = PBXFrameworksBuildPhase;
			buildActionMask = 2147483647;
			files = (
			);
			runOnlyForDeploymentPostprocessing = 0;
		};
		F7B1EA4F2CDD4239003EB9E9 /* Frameworks */ = {
			isa = PBXFrameworksBuildPhase;
			buildActionMask = 2147483647;
			files = (
			);
			runOnlyForDeploymentPostprocessing = 0;
		};
		F7B1EA592CDD4239003EB9E9 /* Frameworks */ = {
			isa = PBXFrameworksBuildPhase;
			buildActionMask = 2147483647;
			files = (
			);
			runOnlyForDeploymentPostprocessing = 0;
		};
/* End PBXFrameworksBuildPhase section */

/* Begin PBXGroup section */
		F7B1EA332CDD4238003EB9E9 = {
			isa = PBXGroup;
			children = (
				F7B1EA442CDD4238003EB9E9 /* SkydiveSpotter-dev Watch App */,
				F7B1EA552CDD4239003EB9E9 /* SkydiveSpotter-dev Watch AppTests */,
				F7B1EA5F2CDD4239003EB9E9 /* SkydiveSpotter-dev Watch AppUITests */,
				F7B1EA3B2CDD4238003EB9E9 /* Products */,
			);
			sourceTree = "<group>";
		};
		F7B1EA3B2CDD4238003EB9E9 /* Products */ = {
			isa = PBXGroup;
			children = (
				F7B1EA3A2CDD4238003EB9E9 /* SkydiveSpotter-dev.app */,
				F7B1EA402CDD4238003EB9E9 /* SkydiveSpotter-dev Watch App.app */,
				F7B1EA522CDD4239003EB9E9 /* SkydiveSpotter-dev Watch AppTests.xctest */,
				F7B1EA5C2CDD4239003EB9E9 /* SkydiveSpotter-dev Watch AppUITests.xctest */,
			);
			name = Products;
			sourceTree = "<group>";
		};
/* End PBXGroup section */

/* Begin PBXNativeTarget section */
		F7B1EA392CDD4238003EB9E9 /* SkydiveSpotter-dev */ = {
			isa = PBXNativeTarget;
			buildConfigurationList = F7B1EA6A2CDD4239003EB9E9 /* Build configuration list for PBXNativeTarget "SkydiveSpotter-dev" */;
			buildPhases = (
				F7B1EA382CDD4238003EB9E9 /* Resources */,
				F7B1EA692CDD4239003EB9E9 /* Embed Watch Content */,
			);
			buildRules = (
			);
			dependencies = (
				F7B1EA432CDD4238003EB9E9 /* PBXTargetDependency */,
			);
			name = "SkydiveSpotter-dev";
			packageProductDependencies = (
			);
			productName = "SkydiveSpotter-dev";
			productReference = F7B1EA3A2CDD4238003EB9E9 /* SkydiveSpotter-dev.app */;
			productType = "com.apple.product-type.application.watchapp2-container";
		};
		F7B1EA3F2CDD4238003EB9E9 /* SkydiveSpotter-dev Watch App */ = {
			isa = PBXNativeTarget;
			buildConfigurationList = F7B1EA662CDD4239003EB9E9 /* Build configuration list for PBXNativeTarget "SkydiveSpotter-dev Watch App" */;
			buildPhases = (
				F7B1EA3C2CDD4238003EB9E9 /* Sources */,
				F7B1EA3D2CDD4238003EB9E9 /* Frameworks */,
				F7B1EA3E2CDD4238003EB9E9 /* Resources */,
			);
			buildRules = (
			);
			dependencies = (
			);
			fileSystemSynchronizedGroups = (
				F7B1EA442CDD4238003EB9E9 /* SkydiveSpotter-dev Watch App */,
			);
			name = "SkydiveSpotter-dev Watch App";
			packageProductDependencies = (
			);
			productName = "SkydiveSpotter-dev Watch App";
			productReference = F7B1EA402CDD4238003EB9E9 /* SkydiveSpotter-dev Watch App.app */;
			productType = "com.apple.product-type.application";
		};
		F7B1EA512CDD4239003EB9E9 /* SkydiveSpotter-dev Watch AppTests */ = {
			isa = PBXNativeTarget;
			buildConfigurationList = F7B1EA6D2CDD4239003EB9E9 /* Build configuration list for PBXNativeTarget "SkydiveSpotter-dev Watch AppTests" */;
			buildPhases = (
				F7B1EA4E2CDD4239003EB9E9 /* Sources */,
				F7B1EA4F2CDD4239003EB9E9 /* Frameworks */,
				F7B1EA502CDD4239003EB9E9 /* Resources */,
			);
			buildRules = (
			);
			dependencies = (
				F7B1EA542CDD4239003EB9E9 /* PBXTargetDependency */,
			);
			fileSystemSynchronizedGroups = (
				F7B1EA552CDD4239003EB9E9 /* SkydiveSpotter-dev Watch AppTests */,
			);
			name = "SkydiveSpotter-dev Watch AppTests";
			packageProductDependencies = (
			);
			productName = "SkydiveSpotter-dev Watch AppTests";
			productReference = F7B1EA522CDD4239003EB9E9 /* SkydiveSpotter-dev Watch AppTests.xctest */;
			productType = "com.apple.product-type.bundle.unit-test";
		};
		F7B1EA5B2CDD4239003EB9E9 /* SkydiveSpotter-dev Watch AppUITests */ = {
			isa = PBXNativeTarget;
			buildConfigurationList = F7B1EA702CDD4239003EB9E9 /* Build configuration list for PBXNativeTarget "SkydiveSpotter-dev Watch AppUITests" */;
			buildPhases = (
				F7B1EA582CDD4239003EB9E9 /* Sources */,
				F7B1EA592CDD4239003EB9E9 /* Frameworks */,
				F7B1EA5A2CDD4239003EB9E9 /* Resources */,
			);
			buildRules = (
			);
			dependencies = (
				F7B1EA5E2CDD4239003EB9E9 /* PBXTargetDependency */,
			);
			fileSystemSynchronizedGroups = (
				F7B1EA5F2CDD4239003EB9E9 /* SkydiveSpotter-dev Watch AppUITests */,
			);
			name = "SkydiveSpotter-dev Watch AppUITests";
			packageProductDependencies = (
			);
			productName = "SkydiveSpotter-dev Watch AppUITests";
			productReference = F7B1EA5C2CDD4239003EB9E9 /* SkydiveSpotter-dev Watch AppUITests.xctest */;
			productType = "com.apple.product-type.bundle.ui-testing";
		};
/* End PBXNativeTarget section */

/* Begin PBXProject section */
		F7B1EA342CDD4238003EB9E9 /* Project object */ = {
			isa = PBXProject;
			attributes = {
				BuildIndependentTargetsInParallel = 1;
				LastSwiftUpdateCheck = 1610;
				LastUpgradeCheck = 1610;
				TargetAttributes = {
					F7B1EA392CDD4238003EB9E9 = {
						CreatedOnToolsVersion = 16.1;
					};
					F7B1EA3F2CDD4238003EB9E9 = {
						CreatedOnToolsVersion = 16.1;
					};
					F7B1EA512CDD4239003EB9E9 = {
						CreatedOnToolsVersion = 16.1;
						TestTargetID = F7B1EA3F2CDD4238003EB9E9;
					};
					F7B1EA5B2CDD4239003EB9E9 = {
						CreatedOnToolsVersion = 16.1;
						TestTargetID = F7B1EA3F2CDD4238003EB9E9;
					};
				};
			};
			buildConfigurationList = F7B1EA372CDD4238003EB9E9 /* Build configuration list for PBXProject "SkydiveSpotter-dev" */;
			developmentRegion = en;
			hasScannedForEncodings = 0;
			knownRegions = (
				en,
				Base,
			);
			mainGroup = F7B1EA332CDD4238003EB9E9;
			minimizedProjectReferenceProxies = 1;
			preferredProjectObjectVersion = 77;
			productRefGroup = F7B1EA3B2CDD4238003EB9E9 /* Products */;
			projectDirPath = "";
			projectRoot = "";
			targets = (
				F7B1EA392CDD4238003EB9E9 /* SkydiveSpotter-dev */,
				F7B1EA3F2CDD4238003EB9E9 /* SkydiveSpotter-dev Watch App */,
				F7B1EA512CDD4239003EB9E9 /* SkydiveSpotter-dev Watch AppTests */,
				F7B1EA5B2CDD4239003EB9E9 /* SkydiveSpotter-dev Watch AppUITests */,
			);
		};
/* End PBXProject section */

/* Begin PBXResourcesBuildPhase section */
		F7B1EA382CDD4238003EB9E9 /* Resources */ = {
			isa = PBXResourcesBuildPhase;
			buildActionMask = 2147483647;
			files = (
			);
			runOnlyForDeploymentPostprocessing = 0;
		};
		F7B1EA3E2CDD4238003EB9E9 /* Resources */ = {
			isa = PBXResourcesBuildPhase;
			buildActionMask = 2147483647;
			files = (
			);
			runOnlyForDeploymentPostprocessing = 0;
		};
		F7B1EA502CDD4239003EB9E9 /* Resources */ = {
			isa = PBXResourcesBuildPhase;
			buildActionMask = 2147483647;
			files = (
			);
			runOnlyForDeploymentPostprocessing = 0;
		};
		F7B1EA5A2CDD4239003EB9E9 /* Resources */ = {
			isa = PBXResourcesBuildPhase;
			buildActionMask = 2147483647;
			files = (
			);
			runOnlyForDeploymentPostprocessing = 0;
		};
/* End PBXResourcesBuildPhase section */

/* Begin PBXSourcesBuildPhase section */
		F7B1EA3C2CDD4238003EB9E9 /* Sources */ = {
			isa = PBXSourcesBuildPhase;
			buildActionMask = 2147483647;
			files = (
			);
			runOnlyForDeploymentPostprocessing = 0;
		};
		F7B1EA4E2CDD4239003EB9E9 /* Sources */ = {
			isa = PBXSourcesBuildPhase;
			buildActionMask = 2147483647;
			files = (
			);
			runOnlyForDeploymentPostprocessing = 0;
		};
		F7B1EA582CDD4239003EB9E9 /* Sources */ = {
			isa = PBXSourcesBuildPhase;
			buildActionMask = 2147483647;
			files = (
			);
			runOnlyForDeploymentPostprocessing = 0;
		};
/* End PBXSourcesBuildPhase section */

/* Begin PBXTargetDependency section */
		F7B1EA432CDD4238003EB9E9 /* PBXTargetDependency */ = {
			isa = PBXTargetDependency;
			target = F7B1EA3F2CDD4238003EB9E9 /* SkydiveSpotter-dev Watch App */;
			targetProxy = F7B1EA422CDD4238003EB9E9 /* PBXContainerItemProxy */;
		};
		F7B1EA542CDD4239003EB9E9 /* PBXTargetDependency */ = {
			isa = PBXTargetDependency;
			target = F7B1EA3F2CDD4238003EB9E9 /* SkydiveSpotter-dev Watch App */;
			targetProxy = F7B1EA532CDD4239003EB9E9 /* PBXContainerItemProxy */;
		};
		F7B1EA5E2CDD4239003EB9E9 /* PBXTargetDependency */ = {
			isa = PBXTargetDependency;
			target = F7B1EA3F2CDD4238003EB9E9 /* SkydiveSpotter-dev Watch App */;
			targetProxy = F7B1EA5D2CDD4239003EB9E9 /* PBXContainerItemProxy */;
		};
/* End PBXTargetDependency section */

/* Begin XCBuildConfiguration section */
		F7B1EA642CDD4239003EB9E9 /* Debug */ = {
			isa = XCBuildConfiguration;
			buildSettings = {
				ALWAYS_SEARCH_USER_PATHS = NO;
				ASSETCATALOG_COMPILER_GENERATE_SWIFT_ASSET_SYMBOL_EXTENSIONS = YES;
				CLANG_ANALYZER_NONNULL = YES;
				CLANG_ANALYZER_NUMBER_OBJECT_CONVERSION = YES_AGGRESSIVE;
				CLANG_CXX_LANGUAGE_STANDARD = "gnu++20";
				CLANG_ENABLE_MODULES = YES;
				CLANG_ENABLE_OBJC_ARC = YES;
				CLANG_ENABLE_OBJC_WEAK = YES;
				CLANG_WARN_BLOCK_CAPTURE_AUTORELEASING = YES;
				CLANG_WARN_BOOL_CONVERSION = YES;
				CLANG_WARN_COMMA = YES;
				CLANG_WARN_CONSTANT_CONVERSION = YES;
				CLANG_WARN_DEPRECATED_OBJC_IMPLEMENTATIONS = YES;
				CLANG_WARN_DIRECT_OBJC_ISA_USAGE = YES_ERROR;
				CLANG_WARN_DOCUMENTATION_COMMENTS = YES;
				CLANG_WARN_EMPTY_BODY = YES;
				CLANG_WARN_ENUM_CONVERSION = YES;
				CLANG_WARN_INFINITE_RECURSION = YES;
				CLANG_WARN_INT_CONVERSION = YES;
				CLANG_WARN_NON_LITERAL_NULL_CONVERSION = YES;
				CLANG_WARN_OBJC_IMPLICIT_RETAIN_SELF = YES;
				CLANG_WARN_OBJC_LITERAL_CONVERSION = YES;
				CLANG_WARN_OBJC_ROOT_CLASS = YES_ERROR;
				CLANG_WARN_QUOTED_INCLUDE_IN_FRAMEWORK_HEADER = YES;
				CLANG_WARN_RANGE_LOOP_ANALYSIS = YES;
				CLANG_WARN_STRICT_PROTOTYPES = YES;
				CLANG_WARN_SUSPICIOUS_MOVE = YES;
				CLANG_WARN_UNGUARDED_AVAILABILITY = YES_AGGRESSIVE;
				CLANG_WARN_UNREACHABLE_CODE = YES;
				CLANG_WARN__DUPLICATE_METHOD_MATCH = YES;
				COPY_PHASE_STRIP = NO;
				DEBUG_INFORMATION_FORMAT = dwarf;
				ENABLE_STRICT_OBJC_MSGSEND = YES;
				ENABLE_TESTABILITY = YES;
				ENABLE_USER_SCRIPT_SANDBOXING = YES;
				GCC_C_LANGUAGE_STANDARD = gnu17;
				GCC_DYNAMIC_NO_PIC = NO;
				GCC_NO_COMMON_BLOCKS = YES;
				GCC_OPTIMIZATION_LEVEL = 0;
				GCC_PREPROCESSOR_DEFINITIONS = (
					"DEBUG=1",
					"$(inherited)",
				);
				GCC_WARN_64_TO_32_BIT_CONVERSION = YES;
				GCC_WARN_ABOUT_RETURN_TYPE = YES_ERROR;
				GCC_WARN_UNDECLARED_SELECTOR = YES;
				GCC_WARN_UNINITIALIZED_AUTOS = YES_AGGRESSIVE;
				GCC_WARN_UNUSED_FUNCTION = YES;
				GCC_WARN_UNUSED_VARIABLE = YES;
				LOCALIZATION_PREFERS_STRING_CATALOGS = YES;
				MTL_ENABLE_DEBUG_INFO = INCLUDE_SOURCE;
				MTL_FAST_MATH = YES;
				ONLY_ACTIVE_ARCH = YES;
				SWIFT_ACTIVE_COMPILATION_CONDITIONS = "DEBUG $(inherited)";
				SWIFT_OPTIMIZATION_LEVEL = "-Onone";
			};
			name = Debug;
		};
		F7B1EA652CDD4239003EB9E9 /* Release */ = {
			isa = XCBuildConfiguration;
			buildSettings = {
				ALWAYS_SEARCH_USER_PATHS = NO;
				ASSETCATALOG_COMPILER_GENERATE_SWIFT_ASSET_SYMBOL_EXTENSIONS = YES;
				CLANG_ANALYZER_NONNULL = YES;
				CLANG_ANALYZER_NUMBER_OBJECT_CONVERSION = YES_AGGRESSIVE;
				CLANG_CXX_LANGUAGE_STANDARD = "gnu++20";
				CLANG_ENABLE_MODULES = YES;
				CLANG_ENABLE_OBJC_ARC = YES;
				CLANG_ENABLE_OBJC_WEAK = YES;
				CLANG_WARN_BLOCK_CAPTURE_AUTORELEASING = YES;
				CLANG_WARN_BOOL_CONVERSION = YES;
				CLANG_WARN_COMMA = YES;
				CLANG_WARN_CONSTANT_CONVERSION = YES;
				CLANG_WARN_DEPRECATED_OBJC_IMPLEMENTATIONS = YES;
				CLANG_WARN_DIRECT_OBJC_ISA_USAGE = YES_ERROR;
				CLANG_WARN_DOCUMENTATION_COMMENTS = YES;
				CLANG_WARN_EMPTY_BODY = YES;
				CLANG_WARN_ENUM_CONVERSION = YES;
				CLANG_WARN_INFINITE_RECURSION = YES;
				CLANG_WARN_INT_CONVERSION = YES;
				CLANG_WARN_NON_LITERAL_NULL_CONVERSION = YES;
				CLANG_WARN_OBJC_IMPLICIT_RETAIN_SELF = YES;
				CLANG_WARN_OBJC_LITERAL_CONVERSION = YES;
				CLANG_WARN_OBJC_ROOT_CLASS = YES_ERROR;
				CLANG_WARN_QUOTED_INCLUDE_IN_FRAMEWORK_HEADER = YES;
				CLANG_WARN_RANGE_LOOP_ANALYSIS = YES;
				CLANG_WARN_STRICT_PROTOTYPES = YES;
				CLANG_WARN_SUSPICIOUS_MOVE = YES;
				CLANG_WARN_UNGUARDED_AVAILABILITY = YES_AGGRESSIVE;
				CLANG_WARN_UNREACHABLE_CODE = YES;
				CLANG_WARN__DUPLICATE_METHOD_MATCH = YES;
				COPY_PHASE_STRIP = NO;
				DEBUG_INFORMATION_FORMAT = "dwarf-with-dsym";
				ENABLE_NS_ASSERTIONS = NO;
				ENABLE_STRICT_OBJC_MSGSEND = YES;
				ENABLE_USER_SCRIPT_SANDBOXING = YES;
				GCC_C_LANGUAGE_STANDARD = gnu17;
				GCC_NO_COMMON_BLOCKS = YES;
				GCC_WARN_64_TO_32_BIT_CONVERSION = YES;
				GCC_WARN_ABOUT_RETURN_TYPE = YES_ERROR;
				GCC_WARN_UNDECLARED_SELECTOR = YES;
				GCC_WARN_UNINITIALIZED_AUTOS = YES_AGGRESSIVE;
				GCC_WARN_UNUSED_FUNCTION = YES;
				GCC_WARN_UNUSED_VARIABLE = YES;
				LOCALIZATION_PREFERS_STRING_CATALOGS = YES;
				MTL_ENABLE_DEBUG_INFO = NO;
				MTL_FAST_MATH = YES;
				SWIFT_COMPILATION_MODE = wholemodule;
			};
			name = Release;
		};
		F7B1EA672CDD4239003EB9E9 /* Debug */ = {
			isa = XCBuildConfiguration;
			buildSettings = {
				ASSETCATALOG_COMPILER_APPICON_NAME = AppIcon;
				ASSETCATALOG_COMPILER_GLOBAL_ACCENT_COLOR_NAME = AccentColor;
				CODE_SIGN_STYLE = Automatic;
				CURRENT_PROJECT_VERSION = 1;
				DEVELOPMENT_ASSET_PATHS = "\"SkydiveSpotter-dev Watch App/Preview Content\"";
				DEVELOPMENT_TEAM = JNE92WH98S;
				ENABLE_PREVIEWS = YES;
				GENERATE_INFOPLIST_FILE = YES;
				INFOPLIST_KEY_CFBundleDisplayName = "SkydiveSpotter-dev";
				INFOPLIST_KEY_UISupportedInterfaceOrientations = "UIInterfaceOrientationPortrait UIInterfaceOrientationPortraitUpsideDown";
				INFOPLIST_KEY_WKWatchOnly = YES;
				LD_RUNPATH_SEARCH_PATHS = (
					"$(inherited)",
					"@executable_path/Frameworks",
				);
				MARKETING_VERSION = 1.0;
				PRODUCT_BUNDLE_IDENTIFIER = "com.kiwipete.SkydiveSpotter-dev.watchkitapp";
				PRODUCT_NAME = "$(TARGET_NAME)";
				SDKROOT = watchos;
				SKIP_INSTALL = YES;
				SWIFT_EMIT_LOC_STRINGS = YES;
				SWIFT_VERSION = 5.0;
				TARGETED_DEVICE_FAMILY = 4;
				WATCHOS_DEPLOYMENT_TARGET = 11.1;
			};
			name = Debug;
		};
		F7B1EA682CDD4239003EB9E9 /* Release */ = {
			isa = XCBuildConfiguration;
			buildSettings = {
				ASSETCATALOG_COMPILER_APPICON_NAME = AppIcon;
				ASSETCATALOG_COMPILER_GLOBAL_ACCENT_COLOR_NAME = AccentColor;
				CODE_SIGN_STYLE = Automatic;
				CURRENT_PROJECT_VERSION = 1;
				DEVELOPMENT_ASSET_PATHS = "\"SkydiveSpotter-dev Watch App/Preview Content\"";
				DEVELOPMENT_TEAM = JNE92WH98S;
				ENABLE_PREVIEWS = YES;
				GENERATE_INFOPLIST_FILE = YES;
				INFOPLIST_KEY_CFBundleDisplayName = "SkydiveSpotter-dev";
				INFOPLIST_KEY_UISupportedInterfaceOrientations = "UIInterfaceOrientationPortrait UIInterfaceOrientationPortraitUpsideDown";
				INFOPLIST_KEY_WKWatchOnly = YES;
				LD_RUNPATH_SEARCH_PATHS = (
					"$(inherited)",
					"@executable_path/Frameworks",
				);
				MARKETING_VERSION = 1.0;
				PRODUCT_BUNDLE_IDENTIFIER = "com.kiwipete.SkydiveSpotter-dev.watchkitapp";
				PRODUCT_NAME = "$(TARGET_NAME)";
				SDKROOT = watchos;
				SKIP_INSTALL = YES;
				SWIFT_EMIT_LOC_STRINGS = YES;
				SWIFT_VERSION = 5.0;
				TARGETED_DEVICE_FAMILY = 4;
				VALIDATE_PRODUCT = YES;
				WATCHOS_DEPLOYMENT_TARGET = 11.1;
			};
			name = Release;
		};
		F7B1EA6B2CDD4239003EB9E9 /* Debug */ = {
			isa = XCBuildConfiguration;
			buildSettings = {
				CODE_SIGN_STYLE = Automatic;
				CURRENT_PROJECT_VERSION = 1;
				DEVELOPMENT_TEAM = JNE92WH98S;
				INFOPLIST_KEY_CFBundleDisplayName = "SkydiveSpotter-dev";
				MARKETING_VERSION = 1.0;
				PRODUCT_BUNDLE_IDENTIFIER = "com.kiwipete.SkydiveSpotter-dev";
				PRODUCT_NAME = "$(TARGET_NAME)";
				SDKROOT = iphoneos;
				SWIFT_VERSION = 5.0;
			};
			name = Debug;
		};
		F7B1EA6C2CDD4239003EB9E9 /* Release */ = {
			isa = XCBuildConfiguration;
			buildSettings = {
				CODE_SIGN_STYLE = Automatic;
				CURRENT_PROJECT_VERSION = 1;
				DEVELOPMENT_TEAM = JNE92WH98S;
				INFOPLIST_KEY_CFBundleDisplayName = "SkydiveSpotter-dev";
				MARKETING_VERSION = 1.0;
				PRODUCT_BUNDLE_IDENTIFIER = "com.kiwipete.SkydiveSpotter-dev";
				PRODUCT_NAME = "$(TARGET_NAME)";
				SDKROOT = iphoneos;
				SWIFT_VERSION = 5.0;
				VALIDATE_PRODUCT = YES;
			};
			name = Release;
		};
		F7B1EA6E2CDD4239003EB9E9 /* Debug */ = {
			isa = XCBuildConfiguration;
			buildSettings = {
				BUNDLE_LOADER = "$(TEST_HOST)";
				CODE_SIGN_STYLE = Automatic;
				CURRENT_PROJECT_VERSION = 1;
				DEVELOPMENT_TEAM = JNE92WH98S;
				GENERATE_INFOPLIST_FILE = YES;
				MARKETING_VERSION = 1.0;
				PRODUCT_BUNDLE_IDENTIFIER = "com.kiwipete.SkydiveSpotter-dev-Watch-AppTests";
				PRODUCT_NAME = "$(TARGET_NAME)";
				SDKROOT = watchos;
				SWIFT_EMIT_LOC_STRINGS = NO;
				SWIFT_VERSION = 5.0;
				TARGETED_DEVICE_FAMILY = 4;
				TEST_HOST = "$(BUILT_PRODUCTS_DIR)/SkydiveSpotter-dev Watch App.app/$(BUNDLE_EXECUTABLE_FOLDER_PATH)/SkydiveSpotter-dev Watch App";
				WATCHOS_DEPLOYMENT_TARGET = 11.1;
			};
			name = Debug;
		};
		F7B1EA6F2CDD4239003EB9E9 /* Release */ = {
			isa = XCBuildConfiguration;
			buildSettings = {
				BUNDLE_LOADER = "$(TEST_HOST)";
				CODE_SIGN_STYLE = Automatic;
				CURRENT_PROJECT_VERSION = 1;
				DEVELOPMENT_TEAM = JNE92WH98S;
				GENERATE_INFOPLIST_FILE = YES;
				MARKETING_VERSION = 1.0;
				PRODUCT_BUNDLE_IDENTIFIER = "com.kiwipete.SkydiveSpotter-dev-Watch-AppTests";
				PRODUCT_NAME = "$(TARGET_NAME)";
				SDKROOT = watchos;
				SWIFT_EMIT_LOC_STRINGS = NO;
				SWIFT_VERSION = 5.0;
				TARGETED_DEVICE_FAMILY = 4;
				TEST_HOST = "$(BUILT_PRODUCTS_DIR)/SkydiveSpotter-dev Watch App.app/$(BUNDLE_EXECUTABLE_FOLDER_PATH)/SkydiveSpotter-dev Watch App";
				VALIDATE_PRODUCT = YES;
				WATCHOS_DEPLOYMENT_TARGET = 11.1;
			};
			name = Release;
		};
		F7B1EA712CDD4239003EB9E9 /* Debug */ = {
			isa = XCBuildConfiguration;
			buildSettings = {
				CODE_SIGN_STYLE = Automatic;
				CURRENT_PROJECT_VERSION = 1;
				DEVELOPMENT_TEAM = JNE92WH98S;
				GENERATE_INFOPLIST_FILE = YES;
				MARKETING_VERSION = 1.0;
				PRODUCT_BUNDLE_IDENTIFIER = "com.kiwipete.SkydiveSpotter-dev-Watch-AppUITests";
				PRODUCT_NAME = "$(TARGET_NAME)";
				SDKROOT = watchos;
				SWIFT_EMIT_LOC_STRINGS = NO;
				SWIFT_VERSION = 5.0;
				TARGETED_DEVICE_FAMILY = 4;
				TEST_TARGET_NAME = "SkydiveSpotter-dev Watch App";
				WATCHOS_DEPLOYMENT_TARGET = 11.1;
			};
			name = Debug;
		};
		F7B1EA722CDD4239003EB9E9 /* Release */ = {
			isa = XCBuildConfiguration;
			buildSettings = {
				CODE_SIGN_STYLE = Automatic;
				CURRENT_PROJECT_VERSION = 1;
				DEVELOPMENT_TEAM = JNE92WH98S;
				GENERATE_INFOPLIST_FILE = YES;
				MARKETING_VERSION = 1.0;
				PRODUCT_BUNDLE_IDENTIFIER = "com.kiwipete.SkydiveSpotter-dev-Watch-AppUITests";
				PRODUCT_NAME = "$(TARGET_NAME)";
				SDKROOT = watchos;
				SWIFT_EMIT_LOC_STRINGS = NO;
				SWIFT_VERSION = 5.0;
				TARGETED_DEVICE_FAMILY = 4;
				TEST_TARGET_NAME = "SkydiveSpotter-dev Watch App";
				VALIDATE_PRODUCT = YES;
				WATCHOS_DEPLOYMENT_TARGET = 11.1;
			};
			name = Release;
		};
/* End XCBuildConfiguration section */

/* Begin XCConfigurationList section */
		F7B1EA372CDD4238003EB9E9 /* Build configuration list for PBXProject "SkydiveSpotter-dev" */ = {
			isa = XCConfigurationList;
			buildConfigurations = (
				F7B1EA642CDD4239003EB9E9 /* Debug */,
				F7B1EA652CDD4239003EB9E9 /* Release */,
			);
			defaultConfigurationIsVisible = 0;
			defaultConfigurationName = Release;
		};
		F7B1EA662CDD4239003EB9E9 /* Build configuration list for PBXNativeTarget "SkydiveSpotter-dev Watch App" */ = {
			isa = XCConfigurationList;
			buildConfigurations = (
				F7B1EA672CDD4239003EB9E9 /* Debug */,
				F7B1EA682CDD4239003EB9E9 /* Release */,
			);
			defaultConfigurationIsVisible = 0;
			defaultConfigurationName = Release;
		};
		F7B1EA6A2CDD4239003EB9E9 /* Build configuration list for PBXNativeTarget "SkydiveSpotter-dev" */ = {
			isa = XCConfigurationList;
			buildConfigurations = (
				F7B1EA6B2CDD4239003EB9E9 /* Debug */,
				F7B1EA6C2CDD4239003EB9E9 /* Release */,
			);
			defaultConfigurationIsVisible = 0;
			defaultConfigurationName = Release;
		};
		F7B1EA6D2CDD4239003EB9E9 /* Build configuration list for PBXNativeTarget "SkydiveSpotter-dev Watch AppTests" */ = {
			isa = XCConfigurationList;
			buildConfigurations = (
				F7B1EA6E2CDD4239003EB9E9 /* Debug */,
				F7B1EA6F2CDD4239003EB9E9 /* Release */,
			);
			defaultConfigurationIsVisible = 0;
			defaultConfigurationName = Release;
		};
		F7B1EA702CDD4239003EB9E9 /* Build configuration list for PBXNativeTarget "SkydiveSpotter-dev Watch AppUITests" */ = {
			isa = XCConfigurationList;
			buildConfigurations = (
				F7B1EA712CDD4239003EB9E9 /* Debug */,
				F7B1EA722CDD4239003EB9E9 /* Release */,
			);
			defaultConfigurationIsVisible = 0;
			defaultConfigurationName = Release;
		};
/* End XCConfigurationList section */
	};
	rootObject = F7B1EA342CDD4238003EB9E9 /* Project object */;
}
